<Solution>
  <Project Path="../../../LaundryManagement/src/LaundryMgmt.Application/LaundryMgmt.Application.csproj" />
  <Project Path="../../../LaundryManagement/src/LaundryMgmt.Domain/LaundryMgmt.Domain.csproj" />
  <Project Path="../../../LaundryManagement/src/LaundryMgmt.Infrastructure/LaundryMgmt.Infrastructure.csproj" />
  <Project Path="../../../LaundryManagement/src/LaundryMgmt.Shared/LaundryMgmt.Shared.csproj" />
  <Project Path="LaundryMgmt.API.csproj" />
</Solution>
