<Solution>
  <Project Path="../LaundryMgmt.Application/LaundryMgmt.Application.csproj" />
  <Project Path="../LaundryMgmt.Domain/LaundryMgmt.Domain.csproj" />
  <Project Path="../LaundryMgmt.Infrastructure/LaundryMgmt.Infrastructure.csproj" />
  <Project Path="../LaundryMgmt.Shared/LaundryMgmt.Shared.csproj" />
  <Project Path="LaundryMgmt.API.csproj" />
</Solution>
